// !$*UTF8*$!
{
	archiveVersion = 1;
	classes = {
	};
	objectVersion = 56;
	objects = {

/* Begin PBXBuildFile section */
		585EE9492CEBF76F005A8FE2 /* FarmTechApp.swift in Sources */ = {isa = PBXBuildFile; fileRef = 585EE9482CEBF76F005A8FE2 /* FarmTechApp.swift */; };
		585EE94B2CEBF76F005A8FE2 /* ContentView.swift in Sources */ = {isa = PBXBuildFile; fileRef = 585EE94A2CEBF76F005A8FE2 /* ContentView.swift */; };
		585EE94D2CEBF770005A8FE2 /* Assets.xcassets in Resources */ = {isa = PBXBuildFile; fileRef = 585EE94C2CEBF770005A8FE2 /* Assets.xcassets */; };
		585EE9502CEBF770005A8FE2 /* Preview Assets.xcassets in Resources */ = {isa = PBXBuildFile; fileRef = 585EE94F2CEBF770005A8FE2 /* Preview Assets.xcassets */; };
		585EE9522CEBF770005A8FE2 /* Persistence.swift in Sources */ = {isa = PBXBuildFile; fileRef = 585EE9512CEBF770005A8FE2 /* Persistence.swift */; };
		585EE9552CEBF770005A8FE2 /* FarmTech.xcdatamodeld in Sources */ = {isa = PBXBuildFile; fileRef = 585EE9532CEBF770005A8FE2 /* FarmTech.xcdatamodeld */; };
		585EE95C2CEBFCC5005A8FE2 /* WelcomeView.swift in Sources */ = {isa = PBXBuildFile; fileRef = 585EE95B2CEBFCC5005A8FE2 /* WelcomeView.swift */; };
		585EE95E2CEBFCE0005A8FE2 /* SignUpView.swift in Sources */ = {isa = PBXBuildFile; fileRef = 585EE95D2CEBFCE0005A8FE2 /* SignUpView.swift */; };
		585EE9602CEBFCF0005A8FE2 /* SignInView.swift in Sources */ = {isa = PBXBuildFile; fileRef = 585EE95F2CEBFCF0005A8FE2 /* SignInView.swift */; };
		585EE9622CEC0A9C005A8FE2 /* NetworkService.swift in Sources */ = {isa = PBXBuildFile; fileRef = 585EE9612CEC0A9C005A8FE2 /* NetworkService.swift */; };
/* End PBXBuildFile section */

/* Begin PBXFileReference section */
		585EE9452CEBF76F005A8FE2 /* FarmTech.app */ = {isa = PBXFileReference; explicitFileType = wrapper.application; includeInIndex = 0; path = FarmTech.app; sourceTree = BUILT_PRODUCTS_DIR; };
		585EE9482CEBF76F005A8FE2 /* FarmTechApp.swift */ = {isa = PBXFileReference; lastKnownFileType = sourcecode.swift; path = FarmTechApp.swift; sourceTree = "<group>"; };
		585EE94A2CEBF76F005A8FE2 /* ContentView.swift */ = {isa = PBXFileReference; lastKnownFileType = sourcecode.swift; path = ContentView.swift; sourceTree = "<group>"; };
		585EE94C2CEBF770005A8FE2 /* Assets.xcassets */ = {isa = PBXFileReference; lastKnownFileType = folder.assetcatalog; path = Assets.xcassets; sourceTree = "<group>"; };
		585EE94F2CEBF770005A8FE2 /* Preview Assets.xcassets */ = {isa = PBXFileReference; lastKnownFileType = folder.assetcatalog; path = "Preview Assets.xcassets"; sourceTree = "<group>"; };
		585EE9512CEBF770005A8FE2 /* Persistence.swift */ = {isa = PBXFileReference; lastKnownFileType = sourcecode.swift; path = Persistence.swift; sourceTree = "<group>"; };
		585EE9542CEBF770005A8FE2 /* FarmTech.xcdatamodel */ = {isa = PBXFileReference; lastKnownFileType = wrapper.xcdatamodel; path = FarmTech.xcdatamodel; sourceTree = "<group>"; };
		585EE95B2CEBFCC5005A8FE2 /* WelcomeView.swift */ = {isa = PBXFileReference; lastKnownFileType = sourcecode.swift; path = WelcomeView.swift; sourceTree = "<group>"; };
		585EE95D2CEBFCE0005A8FE2 /* SignUpView.swift */ = {isa = PBXFileReference; lastKnownFileType = sourcecode.swift; path = SignUpView.swift; sourceTree = "<group>"; };
		585EE95F2CEBFCF0005A8FE2 /* SignInView.swift */ = {isa = PBXFileReference; lastKnownFileType = sourcecode.swift; path = SignInView.swift; sourceTree = "<group>"; };
		585EE9612CEC0A9C005A8FE2 /* NetworkService.swift */ = {isa = PBXFileReference; lastKnownFileType = sourcecode.swift; path = NetworkService.swift; sourceTree = "<group>"; };
/* End PBXFileReference section */

/* Begin PBXFrameworksBuildPhase section */
		585EE9422CEBF76F005A8FE2 /* Frameworks */ = {
			isa = PBXFrameworksBuildPhase;
			buildActionMask = 2147483647;
			files = (
			);
			runOnlyForDeploymentPostprocessing = 0;
		};
/* End PBXFrameworksBuildPhase section */

/* Begin PBXGroup section */
		585EE93C2CEBF76F005A8FE2 = {
			isa = PBXGroup;
			children = (
				585EE9472CEBF76F005A8FE2 /* FarmTech */,
				585EE9462CEBF76F005A8FE2 /* Products */,
			);
			sourceTree = "<group>";
		};
		585EE9462CEBF76F005A8FE2 /* Products */ = {
			isa = PBXGroup;
			children = (
				585EE9452CEBF76F005A8FE2 /* FarmTech.app */,
			);
			name = Products;
			sourceTree = "<group>";
		};
		585EE9472CEBF76F005A8FE2 /* FarmTech */ = {
			isa = PBXGroup;
			children = (
				585EE9482CEBF76F005A8FE2 /* FarmTechApp.swift */,
				585EE9612CEC0A9C005A8FE2 /* NetworkService.swift */,
				585EE94A2CEBF76F005A8FE2 /* ContentView.swift */,
				585EE94C2CEBF770005A8FE2 /* Assets.xcassets */,
				585EE9512CEBF770005A8FE2 /* Persistence.swift */,
				585EE9532CEBF770005A8FE2 /* FarmTech.xcdatamodeld */,
				585EE94E2CEBF770005A8FE2 /* Preview Content */,
				585EE95B2CEBFCC5005A8FE2 /* WelcomeView.swift */,
				585EE95D2CEBFCE0005A8FE2 /* SignUpView.swift */,
				585EE95F2CEBFCF0005A8FE2 /* SignInView.swift */,
			);
			path = FarmTech;
			sourceTree = "<group>";
		};
		585EE94E2CEBF770005A8FE2 /* Preview Content */ = {
			isa = PBXGroup;
			children = (
				585EE94F2CEBF770005A8FE2 /* Preview Assets.xcassets */,
			);
			path = "Preview Content";
			sourceTree = "<group>";
		};
/* End PBXGroup section */

/* Begin PBXNativeTarget section */
		585EE9442CEBF76F005A8FE2 /* FarmTech */ = {
			isa = PBXNativeTarget;
			buildConfigurationList = 585EE9582CEBF770005A8FE2 /* Build configuration list for PBXNativeTarget "FarmTech" */;
			buildPhases = (
				585EE9412CEBF76F005A8FE2 /* Sources */,
				585EE9422CEBF76F005A8FE2 /* Frameworks */,
				585EE9432CEBF76F005A8FE2 /* Resources */,
			);
			buildRules = (
			);
			dependencies = (
			);
			name = FarmTech;
			productName = FarmTech;
			productReference = 585EE9452CEBF76F005A8FE2 /* FarmTech.app */;
			productType = "com.apple.product-type.application";
		};
/* End PBXNativeTarget section */

/* Begin PBXProject section */
		585EE93D2CEBF76F005A8FE2 /* Project object */ = {
			isa = PBXProject;
			attributes = {
				BuildIndependentTargetsInParallel = 1;
				LastSwiftUpdateCheck = 1500;
				LastUpgradeCheck = 1500;
				TargetAttributes = {
					585EE9442CEBF76F005A8FE2 = {
						CreatedOnToolsVersion = 15.0;
					};
				};
			};
			buildConfigurationList = 585EE9402CEBF76F005A8FE2 /* Build configuration list for PBXProject "FarmTech" */;
			compatibilityVersion = "Xcode 14.0";
			developmentRegion = en;
			hasScannedForEncodings = 0;
			knownRegions = (
				en,
				Base,
			);
			mainGroup = 585EE93C2CEBF76F005A8FE2;
			productRefGroup = 585EE9462CEBF76F005A8FE2 /* Products */;
			projectDirPath = "";
			projectRoot = "";
			targets = (
				585EE9442CEBF76F005A8FE2 /* FarmTech */,
			);
		};
/* End PBXProject section */

/* Begin PBXResourcesBuildPhase section */
		585EE9432CEBF76F005A8FE2 /* Resources */ = {
			isa = PBXResourcesBuildPhase;
			buildActionMask = 2147483647;
			files = (
				585EE9502CEBF770005A8FE2 /* Preview Assets.xcassets in Resources */,
				585EE94D2CEBF770005A8FE2 /* Assets.xcassets in Resources */,
			);
			runOnlyForDeploymentPostprocessing = 0;
		};
/* End PBXResourcesBuildPhase section */

/* Begin PBXSourcesBuildPhase section */
		585EE9412CEBF76F005A8FE2 /* Sources */ = {
			isa = PBXSourcesBuildPhase;
			buildActionMask = 2147483647;
			files = (
				585EE95C2CEBFCC5005A8FE2 /* WelcomeView.swift in Sources */,
				585EE9602CEBFCF0005A8FE2 /* SignInView.swift in Sources */,
				585EE9622CEC0A9C005A8FE2 /* NetworkService.swift in Sources */,
				585EE9522CEBF770005A8FE2 /* Persistence.swift in Sources */,
				585EE94B2CEBF76F005A8FE2 /* ContentView.swift in Sources */,
				585EE9492CEBF76F005A8FE2 /* FarmTechApp.swift in Sources */,
				585EE95E2CEBFCE0005A8FE2 /* SignUpView.swift in Sources */,
				585EE9552CEBF770005A8FE2 /* FarmTech.xcdatamodeld in Sources */,
			);
			runOnlyForDeploymentPostprocessing = 0;
		};
/* End PBXSourcesBuildPhase section */

/* Begin XCBuildConfiguration section */
		585EE9562CEBF770005A8FE2 /* Debug */ = {
			isa = XCBuildConfiguration;
			buildSettings = {
				ALWAYS_SEARCH_USER_PATHS = NO;
				ASSETCATALOG_COMPILER_GENERATE_SWIFT_ASSET_SYMBOL_EXTENSIONS = YES;
				CLANG_ANALYZER_NONNULL = YES;
				CLANG_ANALYZER_NUMBER_OBJECT_CONVERSION = YES_AGGRESSIVE;
				CLANG_CXX_LANGUAGE_STANDARD = "gnu++20";
				CLANG_ENABLE_MODULES = YES;
				CLANG_ENABLE_OBJC_ARC = YES;
				CLANG_ENABLE_OBJC_WEAK = YES;
				CLANG_WARN_BLOCK_CAPTURE_AUTORELEASING = YES;
				CLANG_WARN_BOOL_CONVERSION = YES;
				CLANG_WARN_COMMA = YES;
				CLANG_WARN_CONSTANT_CONVERSION = YES;
				CLANG_WARN_DEPRECATED_OBJC_IMPLEMENTATIONS = YES;
				CLANG_WARN_DIRECT_OBJC_ISA_USAGE = YES_ERROR;
				CLANG_WARN_DOCUMENTATION_COMMENTS = YES;
				CLANG_WARN_EMPTY_BODY = YES;
				CLANG_WARN_ENUM_CONVERSION = YES;
				CLANG_WARN_INFINITE_RECURSION = YES;
				CLANG_WARN_INT_CONVERSION = YES;
				CLANG_WARN_NON_LITERAL_NULL_CONVERSION = YES;
				CLANG_WARN_OBJC_IMPLICIT_RETAIN_SELF = YES;
				CLANG_WARN_OBJC_LITERAL_CONVERSION = YES;
				CLANG_WARN_OBJC_ROOT_CLASS = YES_ERROR;
				CLANG_WARN_QUOTED_INCLUDE_IN_FRAMEWORK_HEADER = YES;
				CLANG_WARN_RANGE_LOOP_ANALYSIS = YES;
				CLANG_WARN_STRICT_PROTOTYPES = YES;
				CLANG_WARN_SUSPICIOUS_MOVE = YES;
				CLANG_WARN_UNGUARDED_AVAILABILITY = YES_AGGRESSIVE;
				CLANG_WARN_UNREACHABLE_CODE = YES;
				CLANG_WARN__DUPLICATE_METHOD_MATCH = YES;
				COPY_PHASE_STRIP = NO;
				DEBUG_INFORMATION_FORMAT = dwarf;
				ENABLE_STRICT_OBJC_MSGSEND = YES;
				ENABLE_TESTABILITY = YES;
				ENABLE_USER_SCRIPT_SANDBOXING = YES;
				GCC_C_LANGUAGE_STANDARD = gnu17;
				GCC_DYNAMIC_NO_PIC = NO;
				GCC_NO_COMMON_BLOCKS = YES;
				GCC_OPTIMIZATION_LEVEL = 0;
				GCC_PREPROCESSOR_DEFINITIONS = (
					"DEBUG=1",
					"$(inherited)",
				);
				GCC_WARN_64_TO_32_BIT_CONVERSION = YES;
				GCC_WARN_ABOUT_RETURN_TYPE = YES_ERROR;
				GCC_WARN_UNDECLARED_SELECTOR = YES;
				GCC_WARN_UNINITIALIZED_AUTOS = YES_AGGRESSIVE;
				GCC_WARN_UNUSED_FUNCTION = YES;
				GCC_WARN_UNUSED_VARIABLE = YES;
				IPHONEOS_DEPLOYMENT_TARGET = 17.0;
				LOCALIZATION_PREFERS_STRING_CATALOGS = YES;
				MTL_ENABLE_DEBUG_INFO = INCLUDE_SOURCE;
				MTL_FAST_MATH = YES;
				ONLY_ACTIVE_ARCH = YES;
				SDKROOT = iphoneos;
				SWIFT_ACTIVE_COMPILATION_CONDITIONS = "DEBUG $(inherited)";
				SWIFT_OPTIMIZATION_LEVEL = "-Onone";
			};
			name = Debug;
		};
		585EE9572CEBF770005A8FE2 /* Release */ = {
			isa = XCBuildConfiguration;
			buildSettings = {
				ALWAYS_SEARCH_USER_PATHS = NO;
				ASSETCATALOG_COMPILER_GENERATE_SWIFT_ASSET_SYMBOL_EXTENSIONS = YES;
				CLANG_ANALYZER_NONNULL = YES;
				CLANG_ANALYZER_NUMBER_OBJECT_CONVERSION = YES_AGGRESSIVE;
				CLANG_CXX_LANGUAGE_STANDARD = "gnu++20";
				CLANG_ENABLE_MODULES = YES;
				CLANG_ENABLE_OBJC_ARC = YES;
				CLANG_ENABLE_OBJC_WEAK = YES;
				CLANG_WARN_BLOCK_CAPTURE_AUTORELEASING = YES;
				CLANG_WARN_BOOL_CONVERSION = YES;
				CLANG_WARN_COMMA = YES;
				CLANG_WARN_CONSTANT_CONVERSION = YES;
				CLANG_WARN_DEPRECATED_OBJC_IMPLEMENTATIONS = YES;
				CLANG_WARN_DIRECT_OBJC_ISA_USAGE = YES_ERROR;
				CLANG_WARN_DOCUMENTATION_COMMENTS = YES;
				CLANG_WARN_EMPTY_BODY = YES;
				CLANG_WARN_ENUM_CONVERSION = YES;
				CLANG_WARN_INFINITE_RECURSION = YES;
				CLANG_WARN_INT_CONVERSION = YES;
				CLANG_WARN_NON_LITERAL_NULL_CONVERSION = YES;
				CLANG_WARN_OBJC_IMPLICIT_RETAIN_SELF = YES;
				CLANG_WARN_OBJC_LITERAL_CONVERSION = YES;
				CLANG_WARN_OBJC_ROOT_CLASS = YES_ERROR;
				CLANG_WARN_QUOTED_INCLUDE_IN_FRAMEWORK_HEADER = YES;
				CLANG_WARN_RANGE_LOOP_ANALYSIS = YES;
				CLANG_WARN_STRICT_PROTOTYPES = YES;
				CLANG_WARN_SUSPICIOUS_MOVE = YES;
				CLANG_WARN_UNGUARDED_AVAILABILITY = YES_AGGRESSIVE;
				CLANG_WARN_UNREACHABLE_CODE = YES;
				CLANG_WARN__DUPLICATE_METHOD_MATCH = YES;
				COPY_PHASE_STRIP = NO;
				DEBUG_INFORMATION_FORMAT = "dwarf-with-dsym";
				ENABLE_NS_ASSERTIONS = NO;
				ENABLE_STRICT_OBJC_MSGSEND = YES;
				ENABLE_USER_SCRIPT_SANDBOXING = YES;
				GCC_C_LANGUAGE_STANDARD = gnu17;
				GCC_NO_COMMON_BLOCKS = YES;
				GCC_WARN_64_TO_32_BIT_CONVERSION = YES;
				GCC_WARN_ABOUT_RETURN_TYPE = YES_ERROR;
				GCC_WARN_UNDECLARED_SELECTOR = YES;
				GCC_WARN_UNINITIALIZED_AUTOS = YES_AGGRESSIVE;
				GCC_WARN_UNUSED_FUNCTION = YES;
				GCC_WARN_UNUSED_VARIABLE = YES;
				IPHONEOS_DEPLOYMENT_TARGET = 17.0;
				LOCALIZATION_PREFERS_STRING_CATALOGS = YES;
				MTL_ENABLE_DEBUG_INFO = NO;
				MTL_FAST_MATH = YES;
				SDKROOT = iphoneos;
				SWIFT_COMPILATION_MODE = wholemodule;
				VALIDATE_PRODUCT = YES;
			};
			name = Release;
		};
		585EE9592CEBF770005A8FE2 /* Debug */ = {
			isa = XCBuildConfiguration;
			buildSettings = {
				ASSETCATALOG_COMPILER_APPICON_NAME = AppIcon;
				ASSETCATALOG_COMPILER_GLOBAL_ACCENT_COLOR_NAME = AccentColor;
				CODE_SIGN_STYLE = Automatic;
				CURRENT_PROJECT_VERSION = 1;
				DEVELOPMENT_ASSET_PATHS = "\"FarmTech/Preview Content\"";
				ENABLE_PREVIEWS = YES;
				GENERATE_INFOPLIST_FILE = YES;
				INFOPLIST_KEY_UIApplicationSceneManifest_Generation = YES;
				INFOPLIST_KEY_UIApplicationSupportsIndirectInputEvents = YES;
				INFOPLIST_KEY_UILaunchScreen_Generation = YES;
				INFOPLIST_KEY_UISupportedInterfaceOrientations_iPad = "UIInterfaceOrientationPortrait UIInterfaceOrientationPortraitUpsideDown UIInterfaceOrientationLandscapeLeft UIInterfaceOrientationLandscapeRight";
				INFOPLIST_KEY_UISupportedInterfaceOrientations_iPhone = "UIInterfaceOrientationPortrait UIInterfaceOrientationLandscapeLeft UIInterfaceOrientationLandscapeRight";
				LD_RUNPATH_SEARCH_PATHS = (
					"$(inherited)",
					"@executable_path/Frameworks",
				);
				MARKETING_VERSION = 1.0;
				PRODUCT_BUNDLE_IDENTIFIER = esprit.FarmTech;
				PRODUCT_NAME = "$(TARGET_NAME)";
				SWIFT_EMIT_LOC_STRINGS = YES;
				SWIFT_VERSION = 5.0;
				TARGETED_DEVICE_FAMILY = "1,2";
			};
			name = Debug;
		};
		585EE95A2CEBF770005A8FE2 /* Release */ = {
			isa = XCBuildConfiguration;
			buildSettings = {
				ASSETCATALOG_COMPILER_APPICON_NAME = AppIcon;
				ASSETCATALOG_COMPILER_GLOBAL_ACCENT_COLOR_NAME = AccentColor;
				CODE_SIGN_STYLE = Automatic;
				CURRENT_PROJECT_VERSION = 1;
				DEVELOPMENT_ASSET_PATHS = "\"FarmTech/Preview Content\"";
				ENABLE_PREVIEWS = YES;
				GENERATE_INFOPLIST_FILE = YES;
				INFOPLIST_KEY_UIApplicationSceneManifest_Generation = YES;
				INFOPLIST_KEY_UIApplicationSupportsIndirectInputEvents = YES;
				INFOPLIST_KEY_UILaunchScreen_Generation = YES;
				INFOPLIST_KEY_UISupportedInterfaceOrientations_iPad = "UIInterfaceOrientationPortrait UIInterfaceOrientationPortraitUpsideDown UIInterfaceOrientationLandscapeLeft UIInterfaceOrientationLandscapeRight";
				INFOPLIST_KEY_UISupportedInterfaceOrientations_iPhone = "UIInterfaceOrientationPortrait UIInterfaceOrientationLandscapeLeft UIInterfaceOrientationLandscapeRight";
				LD_RUNPATH_SEARCH_PATHS = (
					"$(inherited)",
					"@executable_path/Frameworks",
				);
				MARKETING_VERSION = 1.0;
				PRODUCT_BUNDLE_IDENTIFIER = esprit.FarmTech;
				PRODUCT_NAME = "$(TARGET_NAME)";
				SWIFT_EMIT_LOC_STRINGS = YES;
				SWIFT_VERSION = 5.0;
				TARGETED_DEVICE_FAMILY = "1,2";
			};
			name = Release;
		};
/* End XCBuildConfiguration section */

/* Begin XCConfigurationList section */
		585EE9402CEBF76F005A8FE2 /* Build configuration list for PBXProject "FarmTech" */ = {
			isa = XCConfigurationList;
			buildConfigurations = (
				585EE9562CEBF770005A8FE2 /* Debug */,
				585EE9572CEBF770005A8FE2 /* Release */,
			);
			defaultConfigurationIsVisible = 0;
			defaultConfigurationName = Release;
		};
		585EE9582CEBF770005A8FE2 /* Build configuration list for PBXNativeTarget "FarmTech" */ = {
			isa = XCConfigurationList;
			buildConfigurations = (
				585EE9592CEBF770005A8FE2 /* Debug */,
				585EE95A2CEBF770005A8FE2 /* Release */,
			);
			defaultConfigurationIsVisible = 0;
			defaultConfigurationName = Release;
		};
/* End XCConfigurationList section */

/* Begin XCVersionGroup section */
		585EE9532CEBF770005A8FE2 /* FarmTech.xcdatamodeld */ = {
			isa = XCVersionGroup;
			children = (
				585EE9542CEBF770005A8FE2 /* FarmTech.xcdatamodel */,
			);
			currentVersion = 585EE9542CEBF770005A8FE2 /* FarmTech.xcdatamodel */;
			path = FarmTech.xcdatamodeld;
			sourceTree = "<group>";
			versionGroupType = wrapper.xcdatamodel;
		};
/* End XCVersionGroup section */
	};
	rootObject = 585EE93D2CEBF76F005A8FE2 /* Project object */;
}
